// !$*UTF8*$!
{
	archiveVersion = 1;
	classes = {
	};
	objectVersion = 46;
	objects = {

/* Begin PBXBuildFile section */
		6972003C1A80A631009AB8D7 /* TouchUnicorns.swift in Sources */ = {isa = PBXBuildFile; fileRef = 6972003B1A80A631009AB8D7 /* TouchUnicorns.swift */; };
		697200581A8347F0009AB8D7 /* ThrowCats.swift in Sources */ = {isa = PBXBuildFile; fileRef = 697200571A8347F0009AB8D7 /* ThrowCats.swift */; };
		756AEA611A7794280039E8AB /* RotationGesturePlaypen.swift in Sources */ = {isa = PBXBuildFile; fileRef = 756AEA601A7794280039E8AB /* RotationGesturePlaypen.swift */; };
		8D7E00291A6238A10059EC34 /* AppDelegate.swift in Sources */ = {isa = PBXBuildFile; fileRef = 8D7E00281A6238A10059EC34 /* AppDelegate.swift */; };
		8D7E002B1A6238A10059EC34 /* SceneViewController.swift in Sources */ = {isa = PBXBuildFile; fileRef = 8D7E002A1A6238A10059EC34 /* SceneViewController.swift */; };
		8D7E00301A6238A10059EC34 /* Images.xcassets in Resources */ = {isa = PBXBuildFile; fileRef = 8D7E002F1A6238A10059EC34 /* Images.xcassets */; };
		8D7E00331A6238A10059EC34 /* LaunchScreen.xib in Resources */ = {isa = PBXBuildFile; fileRef = 8D7E00311A6238A10059EC34 /* LaunchScreen.xib */; };
		8D7E003F1A6238A10059EC34 /* OhaiPrototopeTests.swift in Sources */ = {isa = PBXBuildFile; fileRef = 8D7E003E1A6238A10059EC34 /* OhaiPrototopeTests.swift */; };
		8D7E00571A623A3C0059EC34 /* Prototope.framework in Frameworks */ = {isa = PBXBuildFile; fileRef = 8D7E00501A6239440059EC34 /* Prototope.framework */; };
		8D7E005D1A623C140059EC34 /* TouchEvents.swift in Sources */ = {isa = PBXBuildFile; fileRef = 8D7E005C1A623C140059EC34 /* TouchEvents.swift */; };
		8D7E005F1A623F850059EC34 /* Prototope.framework in Copy Files */ = {isa = PBXBuildFile; fileRef = 8D7E00501A6239440059EC34 /* Prototope.framework */; settings = {ATTRIBUTES = (CodeSignOnCopy, RemoveHeadersOnCopy, ); }; };
		8DC95FA51A69E05000D18D30 /* ShadowLightsource.swift in Sources */ = {isa = PBXBuildFile; fileRef = 8DC95FA41A69E05000D18D30 /* ShadowLightsource.swift */; };
		8DEBACDF1A7326C5003CF491 /* TouchAnimators.swift in Sources */ = {isa = PBXBuildFile; fileRef = 8DEBACDE1A7326C5003CF491 /* TouchAnimators.swift */; };
		EB06C1021A853FC50095489F /* SceneListingViewController.swift in Sources */ = {isa = PBXBuildFile; fileRef = EB06C1011A853FC50095489F /* SceneListingViewController.swift */; };
		EB06C1041A8540B80095489F /* SceneIndex.swift in Sources */ = {isa = PBXBuildFile; fileRef = EB06C1031A8540B80095489F /* SceneIndex.swift */; };
		EB190C211A66E85C00F970E1 /* TunableValues.json in Resources */ = {isa = PBXBuildFile; fileRef = EB190C201A66E85C00F970E1 /* TunableValues.json */; };
/* End PBXBuildFile section */

/* Begin PBXContainerItemProxy section */
		8D7E00391A6238A10059EC34 /* PBXContainerItemProxy */ = {
			isa = PBXContainerItemProxy;
			containerPortal = 8D7E001B1A6238A10059EC34 /* Project object */;
			proxyType = 1;
			remoteGlobalIDString = 8D7E00221A6238A10059EC34;
			remoteInfo = OhaiPrototope;
		};
		8D7E004F1A6239440059EC34 /* PBXContainerItemProxy */ = {
			isa = PBXContainerItemProxy;
			containerPortal = 8D7E00481A6239440059EC34 /* Prototope.xcodeproj */;
			proxyType = 2;
			remoteGlobalIDString = EBE3A75619DF79C400A77736;
			remoteInfo = Prototope;
		};
		8D7E00511A6239440059EC34 /* PBXContainerItemProxy */ = {
			isa = PBXContainerItemProxy;
			containerPortal = 8D7E00481A6239440059EC34 /* Prototope.xcodeproj */;
			proxyType = 2;
			remoteGlobalIDString = EB306C0919DF77CC00113FA3;
			remoteInfo = PrototopeTestApp;
		};
		8D7E00531A6239440059EC34 /* PBXContainerItemProxy */ = {
			isa = PBXContainerItemProxy;
			containerPortal = 8D7E00481A6239440059EC34 /* Prototope.xcodeproj */;
			proxyType = 2;
			remoteGlobalIDString = EB1C2A6C19E4D19B000DC2C1;
			remoteInfo = PrototopeTests;
		};
		8D7E00591A623A3C0059EC34 /* PBXContainerItemProxy */ = {
			isa = PBXContainerItemProxy;
			containerPortal = 8D7E00481A6239440059EC34 /* Prototope.xcodeproj */;
			proxyType = 1;
			remoteGlobalIDString = EBE3A75519DF79C400A77736;
			remoteInfo = Prototope;
		};
/* End PBXContainerItemProxy section */

/* Begin PBXCopyFilesBuildPhase section */
		8D7E005E1A623F700059EC34 /* Copy Files */ = {
			isa = PBXCopyFilesBuildPhase;
			buildActionMask = 2147483647;
			dstPath = "";
			dstSubfolderSpec = 10;
			files = (
				8D7E005F1A623F850059EC34 /* Prototope.framework in Copy Files */,
			);
			name = "Copy Files";
			runOnlyForDeploymentPostprocessing = 0;
		};
/* End PBXCopyFilesBuildPhase section */

/* Begin PBXFileReference section */
		6972003B1A80A631009AB8D7 /* TouchUnicorns.swift */ = {isa = PBXFileReference; fileEncoding = 4; lastKnownFileType = sourcecode.swift; path = TouchUnicorns.swift; sourceTree = "<group>"; };
		697200571A8347F0009AB8D7 /* ThrowCats.swift */ = {isa = PBXFileReference; fileEncoding = 4; lastKnownFileType = sourcecode.swift; path = ThrowCats.swift; sourceTree = "<group>"; };
		756AEA601A7794280039E8AB /* RotationGesturePlaypen.swift */ = {isa = PBXFileReference; fileEncoding = 4; lastKnownFileType = sourcecode.swift; path = RotationGesturePlaypen.swift; sourceTree = "<group>"; };
		8D7E00231A6238A10059EC34 /* OhaiPrototope.app */ = {isa = PBXFileReference; explicitFileType = wrapper.application; includeInIndex = 0; path = OhaiPrototope.app; sourceTree = BUILT_PRODUCTS_DIR; };
		8D7E00271A6238A10059EC34 /* Info.plist */ = {isa = PBXFileReference; lastKnownFileType = text.plist.xml; path = Info.plist; sourceTree = "<group>"; };
		8D7E00281A6238A10059EC34 /* AppDelegate.swift */ = {isa = PBXFileReference; lastKnownFileType = sourcecode.swift; path = AppDelegate.swift; sourceTree = "<group>"; };
		8D7E002A1A6238A10059EC34 /* SceneViewController.swift */ = {isa = PBXFileReference; lastKnownFileType = sourcecode.swift; path = SceneViewController.swift; sourceTree = "<group>"; };
		8D7E002F1A6238A10059EC34 /* Images.xcassets */ = {isa = PBXFileReference; lastKnownFileType = folder.assetcatalog; path = Images.xcassets; sourceTree = "<group>"; };
		8D7E00321A6238A10059EC34 /* Base */ = {isa = PBXFileReference; lastKnownFileType = file.xib; name = Base; path = Base.lproj/LaunchScreen.xib; sourceTree = "<group>"; };
		8D7E00381A6238A10059EC34 /* OhaiPrototopeTests.xctest */ = {isa = PBXFileReference; explicitFileType = wrapper.cfbundle; includeInIndex = 0; path = OhaiPrototopeTests.xctest; sourceTree = BUILT_PRODUCTS_DIR; };
		8D7E003D1A6238A10059EC34 /* Info.plist */ = {isa = PBXFileReference; lastKnownFileType = text.plist.xml; path = Info.plist; sourceTree = "<group>"; };
		8D7E003E1A6238A10059EC34 /* OhaiPrototopeTests.swift */ = {isa = PBXFileReference; lastKnownFileType = sourcecode.swift; path = OhaiPrototopeTests.swift; sourceTree = "<group>"; };
		8D7E00481A6239440059EC34 /* Prototope.xcodeproj */ = {isa = PBXFileReference; lastKnownFileType = "wrapper.pb-project"; name = Prototope.xcodeproj; path = prototope/Prototope.xcodeproj; sourceTree = "<group>"; };
		8D7E005C1A623C140059EC34 /* TouchEvents.swift */ = {isa = PBXFileReference; fileEncoding = 4; lastKnownFileType = sourcecode.swift; path = TouchEvents.swift; sourceTree = "<group>"; };
		8DC95FA41A69E05000D18D30 /* ShadowLightsource.swift */ = {isa = PBXFileReference; fileEncoding = 4; lastKnownFileType = sourcecode.swift; path = ShadowLightsource.swift; sourceTree = "<group>"; };
		8DEBACDE1A7326C5003CF491 /* TouchAnimators.swift */ = {isa = PBXFileReference; fileEncoding = 4; lastKnownFileType = sourcecode.swift; path = TouchAnimators.swift; sourceTree = "<group>"; };
		EB06C1011A853FC50095489F /* SceneListingViewController.swift */ = {isa = PBXFileReference; fileEncoding = 4; lastKnownFileType = sourcecode.swift; path = SceneListingViewController.swift; sourceTree = "<group>"; };
		EB06C1031A8540B80095489F /* SceneIndex.swift */ = {isa = PBXFileReference; fileEncoding = 4; lastKnownFileType = sourcecode.swift; path = SceneIndex.swift; sourceTree = "<group>"; };
		EB06C1081A854ACE0095489F /* OhaiPrototope-Bridging-Header.h */ = {isa = PBXFileReference; lastKnownFileType = sourcecode.c.h; path = "OhaiPrototope-Bridging-Header.h"; sourceTree = "<group>"; };
		EB190C201A66E85C00F970E1 /* TunableValues.json */ = {isa = PBXFileReference; fileEncoding = 4; lastKnownFileType = text.json; path = TunableValues.json; sourceTree = "<group>"; };
/* End PBXFileReference section */

/* Begin PBXFrameworksBuildPhase section */
		8D7E00201A6238A10059EC34 /* Frameworks */ = {
			isa = PBXFrameworksBuildPhase;
			buildActionMask = 2147483647;
			files = (
				8D7E00571A623A3C0059EC34 /* Prototope.framework in Frameworks */,
			);
			runOnlyForDeploymentPostprocessing = 0;
		};
		8D7E00351A6238A10059EC34 /* Frameworks */ = {
			isa = PBXFrameworksBuildPhase;
			buildActionMask = 2147483647;
			files = (
			);
			runOnlyForDeploymentPostprocessing = 0;
		};
/* End PBXFrameworksBuildPhase section */

/* Begin PBXGroup section */
		8D7E001A1A6238A10059EC34 = {
			isa = PBXGroup;
			children = (
				8D7E00481A6239440059EC34 /* Prototope.xcodeproj */,
				8D7E00251A6238A10059EC34 /* OhaiPrototope */,
				8D7E003B1A6238A10059EC34 /* OhaiPrototopeTests */,
				8D7E00241A6238A10059EC34 /* Products */,
			);
			sourceTree = "<group>";
		};
		8D7E00241A6238A10059EC34 /* Products */ = {
			isa = PBXGroup;
			children = (
				8D7E00231A6238A10059EC34 /* OhaiPrototope.app */,
				8D7E00381A6238A10059EC34 /* OhaiPrototopeTests.xctest */,
			);
			name = Products;
			sourceTree = "<group>";
		};
		8D7E00251A6238A10059EC34 /* OhaiPrototope */ = {
			isa = PBXGroup;
			children = (
				EB06C1031A8540B80095489F /* SceneIndex.swift */,
				EB06C1051A8540C00095489F /* Scenes */,
				8D7E00261A6238A10059EC34 /* Supporting Files */,
				EB190C201A66E85C00F970E1 /* TunableValues.json */,
				EB06C10D1A854ADC0095489F /* App UI */,
			);
			path = OhaiPrototope;
			sourceTree = "<group>";
		};
		8D7E00261A6238A10059EC34 /* Supporting Files */ = {
			isa = PBXGroup;
			children = (
				8D7E002F1A6238A10059EC34 /* Images.xcassets */,
				8D7E00311A6238A10059EC34 /* LaunchScreen.xib */,
				8D7E00271A6238A10059EC34 /* Info.plist */,
				EB06C1081A854ACE0095489F /* OhaiPrototope-Bridging-Header.h */,
			);
			name = "Supporting Files";
			sourceTree = "<group>";
		};
		8D7E003B1A6238A10059EC34 /* OhaiPrototopeTests */ = {
			isa = PBXGroup;
			children = (
				8D7E003E1A6238A10059EC34 /* OhaiPrototopeTests.swift */,
				8D7E003C1A6238A10059EC34 /* Supporting Files */,
			);
			path = OhaiPrototopeTests;
			sourceTree = "<group>";
		};
		8D7E003C1A6238A10059EC34 /* Supporting Files */ = {
			isa = PBXGroup;
			children = (
				8D7E003D1A6238A10059EC34 /* Info.plist */,
			);
			name = "Supporting Files";
			sourceTree = "<group>";
		};
		8D7E00491A6239440059EC34 /* Products */ = {
			isa = PBXGroup;
			children = (
				8D7E00501A6239440059EC34 /* Prototope.framework */,
				8D7E00521A6239440059EC34 /* PrototopeTestApp.app */,
				8D7E00541A6239440059EC34 /* PrototopeTests.xctest */,
			);
			name = Products;
			sourceTree = "<group>";
		};
		EB06C1051A8540C00095489F /* Scenes */ = {
			isa = PBXGroup;
			children = (
				8DEBACDE1A7326C5003CF491 /* TouchAnimators.swift */,
				697200571A8347F0009AB8D7 /* ThrowCats.swift */,
				6972003B1A80A631009AB8D7 /* TouchUnicorns.swift */,
				756AEA601A7794280039E8AB /* RotationGesturePlaypen.swift */,
				8DC95FA41A69E05000D18D30 /* ShadowLightsource.swift */,
				8D7E005C1A623C140059EC34 /* TouchEvents.swift */,
			);
			name = Scenes;
			sourceTree = "<group>";
		};
		EB06C10D1A854ADC0095489F /* App UI */ = {
			isa = PBXGroup;
			children = (
				8D7E00281A6238A10059EC34 /* AppDelegate.swift */,
				8D7E002A1A6238A10059EC34 /* SceneViewController.swift */,
				EB06C1011A853FC50095489F /* SceneListingViewController.swift */,
			);
			name = "App UI";
			sourceTree = "<group>";
		};
/* End PBXGroup section */

/* Begin PBXNativeTarget section */
		8D7E00221A6238A10059EC34 /* OhaiPrototope */ = {
			isa = PBXNativeTarget;
			buildConfigurationList = 8D7E00421A6238A10059EC34 /* Build configuration list for PBXNativeTarget "OhaiPrototope" */;
			buildPhases = (
				8D7E001F1A6238A10059EC34 /* Sources */,
				8D7E00201A6238A10059EC34 /* Frameworks */,
				8D7E00211A6238A10059EC34 /* Resources */,
				8D7E005E1A623F700059EC34 /* Copy Files */,
			);
			buildRules = (
			);
			dependencies = (
				8D7E005A1A623A3C0059EC34 /* PBXTargetDependency */,
			);
			name = OhaiPrototope;
			productName = OhaiPrototope;
			productReference = 8D7E00231A6238A10059EC34 /* OhaiPrototope.app */;
			productType = "com.apple.product-type.application";
		};
		8D7E00371A6238A10059EC34 /* OhaiPrototopeTests */ = {
			isa = PBXNativeTarget;
			buildConfigurationList = 8D7E00451A6238A10059EC34 /* Build configuration list for PBXNativeTarget "OhaiPrototopeTests" */;
			buildPhases = (
				8D7E00341A6238A10059EC34 /* Sources */,
				8D7E00351A6238A10059EC34 /* Frameworks */,
				8D7E00361A6238A10059EC34 /* Resources */,
			);
			buildRules = (
			);
			dependencies = (
				8D7E003A1A6238A10059EC34 /* PBXTargetDependency */,
			);
			name = OhaiPrototopeTests;
			productName = OhaiPrototopeTests;
			productReference = 8D7E00381A6238A10059EC34 /* OhaiPrototopeTests.xctest */;
			productType = "com.apple.product-type.bundle.unit-test";
		};
/* End PBXNativeTarget section */

/* Begin PBXProject section */
		8D7E001B1A6238A10059EC34 /* Project object */ = {
			isa = PBXProject;
			attributes = {
				LastUpgradeCheck = 0610;
				ORGANIZATIONNAME = "Marcos Ojeda";
				TargetAttributes = {
					8D7E00221A6238A10059EC34 = {
						CreatedOnToolsVersion = 6.1.1;
					};
					8D7E00371A6238A10059EC34 = {
						CreatedOnToolsVersion = 6.1.1;
						TestTargetID = 8D7E00221A6238A10059EC34;
					};
				};
			};
			buildConfigurationList = 8D7E001E1A6238A10059EC34 /* Build configuration list for PBXProject "OhaiPrototope" */;
			compatibilityVersion = "Xcode 3.2";
			developmentRegion = English;
			hasScannedForEncodings = 0;
			knownRegions = (
				en,
				Base,
			);
			mainGroup = 8D7E001A1A6238A10059EC34;
			productRefGroup = 8D7E00241A6238A10059EC34 /* Products */;
			projectDirPath = "";
			projectReferences = (
				{
					ProductGroup = 8D7E00491A6239440059EC34 /* Products */;
					ProjectRef = 8D7E00481A6239440059EC34 /* Prototope.xcodeproj */;
				},
			);
			projectRoot = "";
			targets = (
				8D7E00221A6238A10059EC34 /* OhaiPrototope */,
				8D7E00371A6238A10059EC34 /* OhaiPrototopeTests */,
			);
		};
/* End PBXProject section */

/* Begin PBXReferenceProxy section */
		8D7E00501A6239440059EC34 /* Prototope.framework */ = {
			isa = PBXReferenceProxy;
			fileType = wrapper.framework;
			path = Prototope.framework;
			remoteRef = 8D7E004F1A6239440059EC34 /* PBXContainerItemProxy */;
			sourceTree = BUILT_PRODUCTS_DIR;
		};
		8D7E00521A6239440059EC34 /* PrototopeTestApp.app */ = {
			isa = PBXReferenceProxy;
			fileType = wrapper.application;
			path = PrototopeTestApp.app;
			remoteRef = 8D7E00511A6239440059EC34 /* PBXContainerItemProxy */;
			sourceTree = BUILT_PRODUCTS_DIR;
		};
		8D7E00541A6239440059EC34 /* PrototopeTests.xctest */ = {
			isa = PBXReferenceProxy;
			fileType = wrapper.cfbundle;
			path = PrototopeTests.xctest;
			remoteRef = 8D7E00531A6239440059EC34 /* PBXContainerItemProxy */;
			sourceTree = BUILT_PRODUCTS_DIR;
		};
/* End PBXReferenceProxy section */

/* Begin PBXResourcesBuildPhase section */
		8D7E00211A6238A10059EC34 /* Resources */ = {
			isa = PBXResourcesBuildPhase;
			buildActionMask = 2147483647;
			files = (
				EB190C211A66E85C00F970E1 /* TunableValues.json in Resources */,
				8D7E00331A6238A10059EC34 /* LaunchScreen.xib in Resources */,
				8D7E00301A6238A10059EC34 /* Images.xcassets in Resources */,
			);
			runOnlyForDeploymentPostprocessing = 0;
		};
		8D7E00361A6238A10059EC34 /* Resources */ = {
			isa = PBXResourcesBuildPhase;
			buildActionMask = 2147483647;
			files = (
			);
			runOnlyForDeploymentPostprocessing = 0;
		};
/* End PBXResourcesBuildPhase section */

/* Begin PBXSourcesBuildPhase section */
		8D7E001F1A6238A10059EC34 /* Sources */ = {
			isa = PBXSourcesBuildPhase;
			buildActionMask = 2147483647;
			files = (
				8D7E005D1A623C140059EC34 /* TouchEvents.swift in Sources */,
				756AEA611A7794280039E8AB /* RotationGesturePlaypen.swift in Sources */,
				8DC95FA51A69E05000D18D30 /* ShadowLightsource.swift in Sources */,
				EB06C1021A853FC50095489F /* SceneListingViewController.swift in Sources */,
				697200581A8347F0009AB8D7 /* ThrowCats.swift in Sources */,
				EB06C1041A8540B80095489F /* SceneIndex.swift in Sources */,
				8D7E002B1A6238A10059EC34 /* SceneViewController.swift in Sources */,
				8DEBACDF1A7326C5003CF491 /* TouchAnimators.swift in Sources */,
				6972003C1A80A631009AB8D7 /* TouchUnicorns.swift in Sources */,
				8D7E00291A6238A10059EC34 /* AppDelegate.swift in Sources */,
			);
			runOnlyForDeploymentPostprocessing = 0;
		};
		8D7E00341A6238A10059EC34 /* Sources */ = {
			isa = PBXSourcesBuildPhase;
			buildActionMask = 2147483647;
			files = (
				8D7E003F1A6238A10059EC34 /* OhaiPrototopeTests.swift in Sources */,
			);
			runOnlyForDeploymentPostprocessing = 0;
		};
/* End PBXSourcesBuildPhase section */

/* Begin PBXTargetDependency section */
		8D7E003A1A6238A10059EC34 /* PBXTargetDependency */ = {
			isa = PBXTargetDependency;
			target = 8D7E00221A6238A10059EC34 /* OhaiPrototope */;
			targetProxy = 8D7E00391A6238A10059EC34 /* PBXContainerItemProxy */;
		};
		8D7E005A1A623A3C0059EC34 /* PBXTargetDependency */ = {
			isa = PBXTargetDependency;
			name = Prototope;
			targetProxy = 8D7E00591A623A3C0059EC34 /* PBXContainerItemProxy */;
		};
/* End PBXTargetDependency section */

/* Begin PBXVariantGroup section */
		8D7E00311A6238A10059EC34 /* LaunchScreen.xib */ = {
			isa = PBXVariantGroup;
			children = (
				8D7E00321A6238A10059EC34 /* Base */,
			);
			name = LaunchScreen.xib;
			sourceTree = "<group>";
		};
/* End PBXVariantGroup section */

/* Begin XCBuildConfiguration section */
		8D7E00401A6238A10059EC34 /* Debug */ = {
			isa = XCBuildConfiguration;
			buildSettings = {
				ALWAYS_SEARCH_USER_PATHS = NO;
				CLANG_CXX_LANGUAGE_STANDARD = "gnu++0x";
				CLANG_CXX_LIBRARY = "libc++";
				CLANG_ENABLE_MODULES = YES;
				CLANG_ENABLE_OBJC_ARC = YES;
				CLANG_WARN_BOOL_CONVERSION = YES;
				CLANG_WARN_CONSTANT_CONVERSION = YES;
				CLANG_WARN_DIRECT_OBJC_ISA_USAGE = YES_ERROR;
				CLANG_WARN_EMPTY_BODY = YES;
				CLANG_WARN_ENUM_CONVERSION = YES;
				CLANG_WARN_INT_CONVERSION = YES;
				CLANG_WARN_OBJC_ROOT_CLASS = YES_ERROR;
				CLANG_WARN_UNREACHABLE_CODE = YES;
				CLANG_WARN__DUPLICATE_METHOD_MATCH = YES;
				"CODE_SIGN_IDENTITY[sdk=iphoneos*]" = "iPhone Developer";
				COPY_PHASE_STRIP = NO;
				ENABLE_STRICT_OBJC_MSGSEND = YES;
				GCC_C_LANGUAGE_STANDARD = gnu99;
				GCC_DYNAMIC_NO_PIC = NO;
				GCC_OPTIMIZATION_LEVEL = 0;
				GCC_PREPROCESSOR_DEFINITIONS = (
					"DEBUG=1",
					"$(inherited)",
				);
				GCC_SYMBOLS_PRIVATE_EXTERN = NO;
				GCC_WARN_64_TO_32_BIT_CONVERSION = YES;
				GCC_WARN_ABOUT_RETURN_TYPE = YES_ERROR;
				GCC_WARN_UNDECLARED_SELECTOR = YES;
				GCC_WARN_UNINITIALIZED_AUTOS = YES_AGGRESSIVE;
				GCC_WARN_UNUSED_FUNCTION = YES;
				GCC_WARN_UNUSED_VARIABLE = YES;
				IPHONEOS_DEPLOYMENT_TARGET = 8.1;
				MTL_ENABLE_DEBUG_INFO = YES;
				ONLY_ACTIVE_ARCH = YES;
				SDKROOT = iphoneos;
				SWIFT_OPTIMIZATION_LEVEL = "-Onone";
				TARGETED_DEVICE_FAMILY = 2;
			};
			name = Debug;
		};
		8D7E00411A6238A10059EC34 /* Release */ = {
			isa = XCBuildConfiguration;
			buildSettings = {
				ALWAYS_SEARCH_USER_PATHS = NO;
				CLANG_CXX_LANGUAGE_STANDARD = "gnu++0x";
				CLANG_CXX_LIBRARY = "libc++";
				CLANG_ENABLE_MODULES = YES;
				CLANG_ENABLE_OBJC_ARC = YES;
				CLANG_WARN_BOOL_CONVERSION = YES;
				CLANG_WARN_CONSTANT_CONVERSION = YES;
				CLANG_WARN_DIRECT_OBJC_ISA_USAGE = YES_ERROR;
				CLANG_WARN_EMPTY_BODY = YES;
				CLANG_WARN_ENUM_CONVERSION = YES;
				CLANG_WARN_INT_CONVERSION = YES;
				CLANG_WARN_OBJC_ROOT_CLASS = YES_ERROR;
				CLANG_WARN_UNREACHABLE_CODE = YES;
				CLANG_WARN__DUPLICATE_METHOD_MATCH = YES;
				"CODE_SIGN_IDENTITY[sdk=iphoneos*]" = "iPhone Developer";
				COPY_PHASE_STRIP = YES;
				ENABLE_NS_ASSERTIONS = NO;
				ENABLE_STRICT_OBJC_MSGSEND = YES;
				GCC_C_LANGUAGE_STANDARD = gnu99;
				GCC_WARN_64_TO_32_BIT_CONVERSION = YES;
				GCC_WARN_ABOUT_RETURN_TYPE = YES_ERROR;
				GCC_WARN_UNDECLARED_SELECTOR = YES;
				GCC_WARN_UNINITIALIZED_AUTOS = YES_AGGRESSIVE;
				GCC_WARN_UNUSED_FUNCTION = YES;
				GCC_WARN_UNUSED_VARIABLE = YES;
				IPHONEOS_DEPLOYMENT_TARGET = 8.1;
				MTL_ENABLE_DEBUG_INFO = NO;
				SDKROOT = iphoneos;
				TARGETED_DEVICE_FAMILY = 2;
				VALIDATE_PRODUCT = YES;
			};
			name = Release;
		};
		8D7E00431A6238A10059EC34 /* Debug */ = {
			isa = XCBuildConfiguration;
			buildSettings = {
				ASSETCATALOG_COMPILER_APPICON_NAME = AppIcon;
				CLANG_ENABLE_MODULES = YES;
				EMBEDDED_CONTENT_CONTAINS_SWIFT = YES;
				HEADER_SEARCH_PATHS = (
					"$(inherited)",
					/Applications/Xcode.app/Contents/Developer/Toolchains/XcodeDefault.xctoolchain/usr/include,
					"$(SRCROOT)/prototope/Prototope",
					"$(SRCROOT)/prototope/ThirdParty/**",
				);
				INFOPLIST_FILE = OhaiPrototope/Info.plist;
				LD_RUNPATH_SEARCH_PATHS = "$(inherited) @executable_path/Frameworks";
				LIBRARY_SEARCH_PATHS = "$(SRCROOT)/prototope/ThirdParty/**";
				OTHER_LDFLAGS = (
					"-ObjC",
					"-lc++",
				);
				PRODUCT_NAME = "$(TARGET_NAME)";
				SWIFT_OPTIMIZATION_LEVEL = "-Onone";
			};
			name = Debug;
		};
		8D7E00441A6238A10059EC34 /* Release */ = {
			isa = XCBuildConfiguration;
			buildSettings = {
				ASSETCATALOG_COMPILER_APPICON_NAME = AppIcon;
				CLANG_ENABLE_MODULES = YES;
				EMBEDDED_CONTENT_CONTAINS_SWIFT = YES;
				HEADER_SEARCH_PATHS = (
					"$(inherited)",
					/Applications/Xcode.app/Contents/Developer/Toolchains/XcodeDefault.xctoolchain/usr/include,
					"$(SRCROOT)/prototope/Prototope",
					"$(SRCROOT)/prototope/ThirdParty/**",
				);
				INFOPLIST_FILE = OhaiPrototope/Info.plist;
				LD_RUNPATH_SEARCH_PATHS = "$(inherited) @executable_path/Frameworks";
				LIBRARY_SEARCH_PATHS = "$(SRCROOT)/prototope/ThirdParty/**";
				OTHER_LDFLAGS = (
					"-ObjC",
					"-lc++",
				);
				PRODUCT_NAME = "$(TARGET_NAME)";
			};
			name = Release;
		};
		8D7E00461A6238A10059EC34 /* Debug */ = {
			isa = XCBuildConfiguration;
			buildSettings = {
				BUNDLE_LOADER = "$(TEST_HOST)";
				FRAMEWORK_SEARCH_PATHS = (
					"$(SDKROOT)/Developer/Library/Frameworks",
					"$(inherited)",
				);
				GCC_PREPROCESSOR_DEFINITIONS = (
					"DEBUG=1",
					"$(inherited)",
				);
				INFOPLIST_FILE = OhaiPrototopeTests/Info.plist;
				LD_RUNPATH_SEARCH_PATHS = "$(inherited) @executable_path/Frameworks @loader_path/Frameworks";
				PRODUCT_NAME = "$(TARGET_NAME)";
				TEST_HOST = "$(BUILT_PRODUCTS_DIR)/OhaiPrototope.app/OhaiPrototope";
			};
			name = Debug;
		};
		8D7E00471A6238A10059EC34 /* Release */ = {
			isa = XCBuildConfiguration;
			buildSettings = {
				BUNDLE_LOADER = "$(TEST_HOST)";
				FRAMEWORK_SEARCH_PATHS = (
					"$(SDKROOT)/Developer/Library/Frameworks",
					"$(inherited)",
				);
				INFOPLIST_FILE = OhaiPrototopeTests/Info.plist;
				LD_RUNPATH_SEARCH_PATHS = "$(inherited) @executable_path/Frameworks @loader_path/Frameworks";
				PRODUCT_NAME = "$(TARGET_NAME)";
				TEST_HOST = "$(BUILT_PRODUCTS_DIR)/OhaiPrototope.app/OhaiPrototope";
			};
			name = Release;
		};
/* End XCBuildConfiguration section */

/* Begin XCConfigurationList section */
		8D7E001E1A6238A10059EC34 /* Build configuration list for PBXProject "OhaiPrototope" */ = {
			isa = XCConfigurationList;
			buildConfigurations = (
				8D7E00401A6238A10059EC34 /* Debug */,
				8D7E00411A6238A10059EC34 /* Release */,
			);
			defaultConfigurationIsVisible = 0;
			defaultConfigurationName = Release;
		};
		8D7E00421A6238A10059EC34 /* Build configuration list for PBXNativeTarget "OhaiPrototope" */ = {
			isa = XCConfigurationList;
			buildConfigurations = (
				8D7E00431A6238A10059EC34 /* Debug */,
				8D7E00441A6238A10059EC34 /* Release */,
			);
			defaultConfigurationIsVisible = 0;
			defaultConfigurationName = Release;
		};
		8D7E00451A6238A10059EC34 /* Build configuration list for PBXNativeTarget "OhaiPrototopeTests" */ = {
			isa = XCConfigurationList;
			buildConfigurations = (
				8D7E00461A6238A10059EC34 /* Debug */,
				8D7E00471A6238A10059EC34 /* Release */,
			);
			defaultConfigurationIsVisible = 0;
			defaultConfigurationName = Release;
		};
/* End XCConfigurationList section */
	};
	rootObject = 8D7E001B1A6238A10059EC34 /* Project object */;
}
